
Microsoft Visual Studio Solution File, Format Version 12.00
# Visual Studio Version 17
VisualStudioVersion = 17.13.35913.81 d17.13
MinimumVisualStudioVersion = 10.0.40219.1
Project("{888888A0-9F3D-457C-B088-3A5042F75D52}") = "ClosedLoopDBS", "ClosedLoopDBS.pyproj", "{D76808FE-CEC6-417D-9001-9C848450BCB9}"
EndProject
Global
	GlobalSection(SolutionConfigurationPlatforms) = preSolution
		Debug|Any CPU = Debug|Any CPU
		Release|Any CPU = Release|Any CPU
	EndGlobalSection
	GlobalSection(ProjectConfigurationPlatforms) = postSolution
		{D76808FE-CEC6-417D-9001-9C848450BCB9}.Debug|Any CPU.ActiveCfg = Debug|Any CPU
		{D76808FE-CEC6-417D-9001-9C848450BCB9}.Release|Any CPU.ActiveCfg = Release|Any CPU
	EndGlobalSection
	GlobalSection(SolutionProperties) = preSolution
		HideSolutionNode = FALSE
	EndGlobalSection
	GlobalSection(ExtensibilityGlobals) = postSolution
		SolutionGuid = {3A16F8F7-99CB-45E2-B8C8-E227CC5B0523}
	EndGlobalSection
EndGlobal
